
Microsoft Visual Studio Solution File, Format Version 10.00
# Visual Studio 2008
Project("{F184B08F-C81C-45F6-A57F-5ABD9991F28F}") = "chat_admin", "chat_admin.vbproj", "{321ED921-656D-47FF-84C4-0862E0BE4CF4}"
EndProject
Global
	GlobalSection(SourceCodeControl) = preSolution
		SccNumberOfProjects = 1
		SccProjectUniqueName0 = chat_admin.vbproj
		SccProjectName0 = Perforce\u0020Project
		SccLocalPath0 = .
		SccProvider0 = MSSCCI:Perforce\u0020SCM
	EndGlobalSection
	GlobalSection(SolutionConfigurationPlatforms) = preSolution
		Debug|Any CPU = Debug|Any CPU
		Release|Any CPU = Release|Any CPU
	EndGlobalSection
	GlobalSection(ProjectConfigurationPlatforms) = postSolution
		{321ED921-656D-47FF-84C4-0862E0BE4CF4}.Debug|Any CPU.ActiveCfg = Debug|Any CPU
		{321ED921-656D-47FF-84C4-0862E0BE4CF4}.Debug|Any CPU.Build.0 = Debug|Any CPU
		{321ED921-656D-47FF-84C4-0862E0BE4CF4}.Release|Any CPU.ActiveCfg = Release|Any CPU
		{321ED921-656D-47FF-84C4-0862E0BE4CF4}.Release|Any CPU.Build.0 = Release|Any CPU
	EndGlobalSection
	GlobalSection(SolutionProperties) = preSolution
		HideSolutionNode = FALSE
	EndGlobalSection
EndGlobal
